
Microsoft Visual Studio Solution File, Format Version 12.00
# Visual Studio Version 17
VisualStudioVersion = 17.7.34031.279
MinimumVisualStudioVersion = 10.0.40219.1
Project("{9A19103F-16F7-4668-BE54-9A1E7A4F7556}") = "GrpcServer", "GrpcServer\GrpcServer.csproj", "{CAE30E89-29D2-44DD-B1A9-D2354C372DAE}"
EndProject
Project("{9A19103F-16F7-4668-BE54-9A1E7A4F7556}") = "GrpcClient", "GrpcClient\GrpcClient.csproj", "{3EFAEBC8-7144-462B-8B74-9FDEE426728F}"
EndProject
Global
	GlobalSection(SolutionConfigurationPlatforms) = preSolution
		Debug|Any CPU = Debug|Any CPU
		Release|Any CPU = Release|Any CPU
	EndGlobalSection
	GlobalSection(ProjectConfigurationPlatforms) = postSolution
		{CAE30E89-29D2-44DD-B1A9-D2354C372DAE}.Debug|Any CPU.ActiveCfg = Debug|Any CPU
		{CAE30E89-29D2-44DD-B1A9-D2354C372DAE}.Debug|Any CPU.Build.0 = Debug|Any CPU
		{CAE30E89-29D2-44DD-B1A9-D2354C372DAE}.Release|Any CPU.ActiveCfg = Release|Any CPU
		{CAE30E89-29D2-44DD-B1A9-D2354C372DAE}.Release|Any CPU.Build.0 = Release|Any CPU
		{3EFAEBC8-7144-462B-8B74-9FDEE426728F}.Debug|Any CPU.ActiveCfg = Debug|Any CPU
		{3EFAEBC8-7144-462B-8B74-9FDEE426728F}.Debug|Any CPU.Build.0 = Debug|Any CPU
		{3EFAEBC8-7144-462B-8B74-9FDEE426728F}.Release|Any CPU.ActiveCfg = Release|Any CPU
		{3EFAEBC8-7144-462B-8B74-9FDEE426728F}.Release|Any CPU.Build.0 = Release|Any CPU
	EndGlobalSection
	GlobalSection(SolutionProperties) = preSolution
		HideSolutionNode = FALSE
	EndGlobalSection
	GlobalSection(ExtensibilityGlobals) = postSolution
		SolutionGuid = {521239C7-DCEA-4DD2-B922-180040B98E83}
	EndGlobalSection
EndGlobal
